
Microsoft Visual Studio Solution File, Format Version 12.00
# Visual Studio Version 17
VisualStudioVersion = 17.8.34601.278
MinimumVisualStudioVersion = 10.0.40219.1
Project("{FAE04EC0-301F-11D3-BF4B-00C04F79EFBC}") = "immutableID", "immutableID\immutableID.csproj", "{F739CF53-E453-49B8-BBC2-6E4354FAF9D7}"
EndProject
Global
	GlobalSection(SolutionConfigurationPlatforms) = preSolution
		Debug|Any CPU = Debug|Any CPU
		Release|Any CPU = Release|Any CPU
	EndGlobalSection
	GlobalSection(ProjectConfigurationPlatforms) = postSolution
		{F739CF53-E453-49B8-BBC2-6E4354FAF9D7}.Debug|Any CPU.ActiveCfg = Debug|Any CPU
		{F739CF53-E453-49B8-BBC2-6E4354FAF9D7}.Debug|Any CPU.Build.0 = Debug|Any CPU
		{F739CF53-E453-49B8-BBC2-6E4354FAF9D7}.Release|Any CPU.ActiveCfg = Release|Any CPU
		{F739CF53-E453-49B8-BBC2-6E4354FAF9D7}.Release|Any CPU.Build.0 = Release|Any CPU
	EndGlobalSection
	GlobalSection(SolutionProperties) = preSolution
		HideSolutionNode = FALSE
	EndGlobalSection
	GlobalSection(ExtensibilityGlobals) = postSolution
		SolutionGuid = {FD0D0429-DF97-4FB6-8AC4-1284DE49BBC7}
	EndGlobalSection
EndGlobal
